
Microsoft Visual Studio Solution File, Format Version 12.00
# Visual Studio Version 17
VisualStudioVersion = 17.7.34018.315
MinimumVisualStudioVersion = 10.0.40219.1
Project("{FAE04EC0-301F-11D3-BF4B-00C04F79EFBC}") = "ValentinLeonEvaluacion3_sol", "ValentinLeonEvaluacion3_sol\ValentinLeonEvaluacion3_sol.csproj", "{06F18F09-87D6-4551-AE6B-75DE8403CD4C}"
EndProject
Global
	GlobalSection(SolutionConfigurationPlatforms) = preSolution
		Debug|Any CPU = Debug|Any CPU
		Release|Any CPU = Release|Any CPU
	EndGlobalSection
	GlobalSection(ProjectConfigurationPlatforms) = postSolution
		{06F18F09-87D6-4551-AE6B-75DE8403CD4C}.Debug|Any CPU.ActiveCfg = Debug|Any CPU
		{06F18F09-87D6-4551-AE6B-75DE8403CD4C}.Debug|Any CPU.Build.0 = Debug|Any CPU
		{06F18F09-87D6-4551-AE6B-75DE8403CD4C}.Release|Any CPU.ActiveCfg = Release|Any CPU
		{06F18F09-87D6-4551-AE6B-75DE8403CD4C}.Release|Any CPU.Build.0 = Release|Any CPU
	EndGlobalSection
	GlobalSection(SolutionProperties) = preSolution
		HideSolutionNode = FALSE
	EndGlobalSection
	GlobalSection(ExtensibilityGlobals) = postSolution
		SolutionGuid = {47537880-B8AC-4E05-B2A5-C45A9D4DA0F1}
	EndGlobalSection
EndGlobal
